payload:
# 禁用所有DNS相关
 - SRC-PORT,0
 - DST-PORT,0
 - SRC-PORT,2
 - DST-PORT,2
 - SRC-PORT,53
 - DST-PORT,53
 - SRC-PORT,953
 - DST-PORT,953
 - SRC-PORT,5353
 - DST-PORT,5353
 - SRC-PORT,5355
 - DST-PORT,5355
 - SRC-PORT,1900
 - DST-PORT,1900
 - SRC-PORT,52219
 - DST-PORT,52219
 - IP-CIDR,224.0.0.251/32
 - IP-CIDR,224.0.0.252/32
 - IP-CIDR,239.255.255.250/32
 - IP-CIDR,10.0.0.255/32
 - IP-CIDR,192.168.0.1/16
 - SRC-IP-CIDR,224.0.0.251/32
 - SRC-IP-CIDR,224.0.0.252/32
 - SRC-IP-CIDR,239.255.255.250/32
 - SRC-IP-CIDR,10.0.0.255/32
 - SRC-IP-CIDR,192.168.0.1/16
 
